
Microsoft Visual Studio Solution File, Format Version 12.00
# Visual Studio Version 17
VisualStudioVersion = 17.12.35527.113
MinimumVisualStudioVersion = 10.0.40219.1
Project("{FAE04EC0-301F-11D3-BF4B-00C04F79EFBC}") = "Tyuiu.FominPT.Lab4", "Tyuiu.FominPT.Lab4\Tyuiu.FominPT.Lab4.csproj", "{479ED6CA-5B24-484F-AAD6-24356189323A}"
EndProject
Project("{FAE04EC0-301F-11D3-BF4B-00C04F79EFBC}") = "OrdinaryCalc.Test", "OrdinaryCalc.Test\OrdinaryCalc.Test.csproj", "{312EFDBD-870A-4B8E-85B1-01B982B87B9C}"
EndProject
Project("{FAE04EC0-301F-11D3-BF4B-00C04F79EFBC}") = "FitnessCalc.Test", "FitnessCalc.Test\FitnessCalc.Test.csproj", "{8E229A83-6E24-46BC-B235-AA395D9C20CE}"
EndProject
Project("{FAE04EC0-301F-11D3-BF4B-00C04F79EFBC}") = "ConversionCalc.Test", "ConversionCalc.Test\ConversionCalc.Test.csproj", "{5E8E2BBE-6614-4E70-9F2C-260E0CFFF6E2}"
EndProject
Project("{FAE04EC0-301F-11D3-BF4B-00C04F79EFBC}") = "ArithmeticCalc.Test", "ArithmeticCalc.Test\ArithmeticCalc.Test.csproj", "{53D47B6A-87E2-46E7-A835-197AAD604757}"
EndProject
Project("{2150E333-8FDC-42A3-9474-1A3956D46DE8}") = "Lab4", "Lab4", "{C1470A5D-33F7-406A-A146-A3765B0681B4}"
EndProject
Project("{FAE04EC0-301F-11D3-BF4B-00C04F79EFBC}") = "ArithmeticCalc.Lib", "ArithmeticCalc.Lib\ArithmeticCalc.Lib.csproj", "{1B2DD7BE-B272-4409-BAA7-4DD36659F551}"
EndProject
Project("{FAE04EC0-301F-11D3-BF4B-00C04F79EFBC}") = "ConversionCalc.Lib", "ConversionCalc.Lib\ConversionCalc.Lib.csproj", "{6906CDB8-EBF0-48F6-AD60-656E1B9E670C}"
EndProject
Project("{FAE04EC0-301F-11D3-BF4B-00C04F79EFBC}") = "FitnessCalc.Lib", "FitnessCalc.Lib\FitnessCalc.Lib.csproj", "{5ED4C6C7-0348-4AB9-BF25-B0DB6103C537}"
EndProject
Project("{FAE04EC0-301F-11D3-BF4B-00C04F79EFBC}") = "OrdinaryCalc.Lib", "OrdinaryCalc.Lib\OrdinaryCalc.Lib.csproj", "{8656B063-86C7-4DA6-A5C9-F78E0DC0C7CD}"
EndProject
Global
	GlobalSection(SolutionConfigurationPlatforms) = preSolution
		Debug|Any CPU = Debug|Any CPU
		Release|Any CPU = Release|Any CPU
	EndGlobalSection
	GlobalSection(ProjectConfigurationPlatforms) = postSolution
		{479ED6CA-5B24-484F-AAD6-24356189323A}.Debug|Any CPU.ActiveCfg = Debug|Any CPU
		{479ED6CA-5B24-484F-AAD6-24356189323A}.Debug|Any CPU.Build.0 = Debug|Any CPU
		{479ED6CA-5B24-484F-AAD6-24356189323A}.Release|Any CPU.ActiveCfg = Release|Any CPU
		{479ED6CA-5B24-484F-AAD6-24356189323A}.Release|Any CPU.Build.0 = Release|Any CPU
		{312EFDBD-870A-4B8E-85B1-01B982B87B9C}.Debug|Any CPU.ActiveCfg = Debug|Any CPU
		{312EFDBD-870A-4B8E-85B1-01B982B87B9C}.Debug|Any CPU.Build.0 = Debug|Any CPU
		{312EFDBD-870A-4B8E-85B1-01B982B87B9C}.Release|Any CPU.ActiveCfg = Release|Any CPU
		{312EFDBD-870A-4B8E-85B1-01B982B87B9C}.Release|Any CPU.Build.0 = Release|Any CPU
		{8E229A83-6E24-46BC-B235-AA395D9C20CE}.Debug|Any CPU.ActiveCfg = Debug|Any CPU
		{8E229A83-6E24-46BC-B235-AA395D9C20CE}.Debug|Any CPU.Build.0 = Debug|Any CPU
		{8E229A83-6E24-46BC-B235-AA395D9C20CE}.Release|Any CPU.ActiveCfg = Release|Any CPU
		{8E229A83-6E24-46BC-B235-AA395D9C20CE}.Release|Any CPU.Build.0 = Release|Any CPU
		{5E8E2BBE-6614-4E70-9F2C-260E0CFFF6E2}.Debug|Any CPU.ActiveCfg = Debug|Any CPU
		{5E8E2BBE-6614-4E70-9F2C-260E0CFFF6E2}.Debug|Any CPU.Build.0 = Debug|Any CPU
		{5E8E2BBE-6614-4E70-9F2C-260E0CFFF6E2}.Release|Any CPU.ActiveCfg = Release|Any CPU
		{5E8E2BBE-6614-4E70-9F2C-260E0CFFF6E2}.Release|Any CPU.Build.0 = Release|Any CPU
		{53D47B6A-87E2-46E7-A835-197AAD604757}.Debug|Any CPU.ActiveCfg = Debug|Any CPU
		{53D47B6A-87E2-46E7-A835-197AAD604757}.Debug|Any CPU.Build.0 = Debug|Any CPU
		{53D47B6A-87E2-46E7-A835-197AAD604757}.Release|Any CPU.ActiveCfg = Release|Any CPU
		{53D47B6A-87E2-46E7-A835-197AAD604757}.Release|Any CPU.Build.0 = Release|Any CPU
		{1B2DD7BE-B272-4409-BAA7-4DD36659F551}.Debug|Any CPU.ActiveCfg = Debug|Any CPU
		{1B2DD7BE-B272-4409-BAA7-4DD36659F551}.Debug|Any CPU.Build.0 = Debug|Any CPU
		{1B2DD7BE-B272-4409-BAA7-4DD36659F551}.Release|Any CPU.ActiveCfg = Release|Any CPU
		{1B2DD7BE-B272-4409-BAA7-4DD36659F551}.Release|Any CPU.Build.0 = Release|Any CPU
		{6906CDB8-EBF0-48F6-AD60-656E1B9E670C}.Debug|Any CPU.ActiveCfg = Debug|Any CPU
		{6906CDB8-EBF0-48F6-AD60-656E1B9E670C}.Debug|Any CPU.Build.0 = Debug|Any CPU
		{6906CDB8-EBF0-48F6-AD60-656E1B9E670C}.Release|Any CPU.ActiveCfg = Release|Any CPU
		{6906CDB8-EBF0-48F6-AD60-656E1B9E670C}.Release|Any CPU.Build.0 = Release|Any CPU
		{5ED4C6C7-0348-4AB9-BF25-B0DB6103C537}.Debug|Any CPU.ActiveCfg = Debug|Any CPU
		{5ED4C6C7-0348-4AB9-BF25-B0DB6103C537}.Debug|Any CPU.Build.0 = Debug|Any CPU
		{5ED4C6C7-0348-4AB9-BF25-B0DB6103C537}.Release|Any CPU.ActiveCfg = Release|Any CPU
		{5ED4C6C7-0348-4AB9-BF25-B0DB6103C537}.Release|Any CPU.Build.0 = Release|Any CPU
		{8656B063-86C7-4DA6-A5C9-F78E0DC0C7CD}.Debug|Any CPU.ActiveCfg = Debug|Any CPU
		{8656B063-86C7-4DA6-A5C9-F78E0DC0C7CD}.Debug|Any CPU.Build.0 = Debug|Any CPU
		{8656B063-86C7-4DA6-A5C9-F78E0DC0C7CD}.Release|Any CPU.ActiveCfg = Release|Any CPU
		{8656B063-86C7-4DA6-A5C9-F78E0DC0C7CD}.Release|Any CPU.Build.0 = Release|Any CPU
	EndGlobalSection
	GlobalSection(SolutionProperties) = preSolution
		HideSolutionNode = FALSE
	EndGlobalSection
	GlobalSection(NestedProjects) = preSolution
		{479ED6CA-5B24-484F-AAD6-24356189323A} = {C1470A5D-33F7-406A-A146-A3765B0681B4}
		{312EFDBD-870A-4B8E-85B1-01B982B87B9C} = {C1470A5D-33F7-406A-A146-A3765B0681B4}
		{8E229A83-6E24-46BC-B235-AA395D9C20CE} = {C1470A5D-33F7-406A-A146-A3765B0681B4}
		{5E8E2BBE-6614-4E70-9F2C-260E0CFFF6E2} = {C1470A5D-33F7-406A-A146-A3765B0681B4}
		{53D47B6A-87E2-46E7-A835-197AAD604757} = {C1470A5D-33F7-406A-A146-A3765B0681B4}
		{1B2DD7BE-B272-4409-BAA7-4DD36659F551} = {C1470A5D-33F7-406A-A146-A3765B0681B4}
		{6906CDB8-EBF0-48F6-AD60-656E1B9E670C} = {C1470A5D-33F7-406A-A146-A3765B0681B4}
		{5ED4C6C7-0348-4AB9-BF25-B0DB6103C537} = {C1470A5D-33F7-406A-A146-A3765B0681B4}
		{8656B063-86C7-4DA6-A5C9-F78E0DC0C7CD} = {C1470A5D-33F7-406A-A146-A3765B0681B4}
	EndGlobalSection
EndGlobal
